
Microsoft Visual Studio Solution File, Format Version 12.00
# Visual Studio Version 17
VisualStudioVersion = 17.9.34701.34
MinimumVisualStudioVersion = 10.0.40219.1
Project("{9A19103F-16F7-4668-BE54-9A1E7A4F7556}") = "Plugin.Architecture", "Plugin.Architecture\Plugin.Architecture.csproj", "{D0B7EF17-2F45-4043-A154-26D994A33796}"
	ProjectSection(ProjectDependencies) = postProject
		{41BF5465-75E8-4863-ADC4-57B419B73497} = {41BF5465-75E8-4863-ADC4-57B419B73497}
	EndProjectSection
EndProject
Project("{9A19103F-16F7-4668-BE54-9A1E7A4F7556}") = "PluginBase", "PluginBase\PluginBase.csproj", "{41BF5465-75E8-4863-ADC4-57B419B73497}"
EndProject
Project("{FAE04EC0-301F-11D3-BF4B-00C04F79EFBC}") = "HelloPlugin", "HelloPlugin\HelloPlugin.csproj", "{C347934A-6555-446F-ACCB-CDB68D04418F}"
EndProject
Global
	GlobalSection(SolutionConfigurationPlatforms) = preSolution
		Debug|Any CPU = Debug|Any CPU
		Release|Any CPU = Release|Any CPU
	EndGlobalSection
	GlobalSection(ProjectConfigurationPlatforms) = postSolution
		{D0B7EF17-2F45-4043-A154-26D994A33796}.Debug|Any CPU.ActiveCfg = Debug|Any CPU
		{D0B7EF17-2F45-4043-A154-26D994A33796}.Debug|Any CPU.Build.0 = Debug|Any CPU
		{D0B7EF17-2F45-4043-A154-26D994A33796}.Release|Any CPU.ActiveCfg = Release|Any CPU
		{D0B7EF17-2F45-4043-A154-26D994A33796}.Release|Any CPU.Build.0 = Release|Any CPU
		{41BF5465-75E8-4863-ADC4-57B419B73497}.Debug|Any CPU.ActiveCfg = Debug|Any CPU
		{41BF5465-75E8-4863-ADC4-57B419B73497}.Debug|Any CPU.Build.0 = Debug|Any CPU
		{41BF5465-75E8-4863-ADC4-57B419B73497}.Release|Any CPU.ActiveCfg = Release|Any CPU
		{41BF5465-75E8-4863-ADC4-57B419B73497}.Release|Any CPU.Build.0 = Release|Any CPU
		{C347934A-6555-446F-ACCB-CDB68D04418F}.Debug|Any CPU.ActiveCfg = Debug|Any CPU
		{C347934A-6555-446F-ACCB-CDB68D04418F}.Debug|Any CPU.Build.0 = Debug|Any CPU
		{C347934A-6555-446F-ACCB-CDB68D04418F}.Release|Any CPU.ActiveCfg = Release|Any CPU
		{C347934A-6555-446F-ACCB-CDB68D04418F}.Release|Any CPU.Build.0 = Release|Any CPU
	EndGlobalSection
	GlobalSection(SolutionProperties) = preSolution
		HideSolutionNode = FALSE
	EndGlobalSection
	GlobalSection(ExtensibilityGlobals) = postSolution
		SolutionGuid = {556BB25A-0C0F-4E4E-BFBA-61E0BF6F8212}
	EndGlobalSection
EndGlobal
